
Microsoft Visual Studio Solution File, Format Version 12.00
# Visual Studio Version 16
VisualStudioVersion = 16.0.28917.182
MinimumVisualStudioVersion = 10.0.40219.1
Project("{FAE04EC0-301F-11D3-BF4B-00C04F79EFBC}") = "firebaseapp", "firebaseapp\firebaseapp.csproj", "{87E3D493-DBBE-47CE-9F20-2E8A76E6EF9D}"
EndProject
Global
	GlobalSection(SolutionConfigurationPlatforms) = preSolution
		Debug|Any CPU = Debug|Any CPU
		Release|Any CPU = Release|Any CPU
	EndGlobalSection
	GlobalSection(ProjectConfigurationPlatforms) = postSolution
		{87E3D493-DBBE-47CE-9F20-2E8A76E6EF9D}.Debug|Any CPU.ActiveCfg = Debug|Any CPU
		{87E3D493-DBBE-47CE-9F20-2E8A76E6EF9D}.Debug|Any CPU.Build.0 = Debug|Any CPU
		{87E3D493-DBBE-47CE-9F20-2E8A76E6EF9D}.Release|Any CPU.ActiveCfg = Release|Any CPU
		{87E3D493-DBBE-47CE-9F20-2E8A76E6EF9D}.Release|Any CPU.Build.0 = Release|Any CPU
	EndGlobalSection
	GlobalSection(SolutionProperties) = preSolution
		HideSolutionNode = FALSE
	EndGlobalSection
	GlobalSection(ExtensibilityGlobals) = postSolution
		SolutionGuid = {85EBD6FC-545D-4D65-9780-532F4F94458B}
	EndGlobalSection
EndGlobal
